
Microsoft Visual Studio Solution File, Format Version 12.00
# Visual Studio 15
VisualStudioVersion = 15.0.28307.1145
MinimumVisualStudioVersion = 10.0.40219.1
Project("{FAE04EC0-301F-11D3-BF4B-00C04F79EFBC}") = "InformationSecurity2", "InformationSecurity2\InformationSecurity2.csproj", "{21BCC7AF-3088-4EA1-8B9F-0ECB19C52658}"
EndProject
Global
	GlobalSection(SolutionConfigurationPlatforms) = preSolution
		Debug|Any CPU = Debug|Any CPU
		Release|Any CPU = Release|Any CPU
	EndGlobalSection
	GlobalSection(ProjectConfigurationPlatforms) = postSolution
		{21BCC7AF-3088-4EA1-8B9F-0ECB19C52658}.Debug|Any CPU.ActiveCfg = Debug|Any CPU
		{21BCC7AF-3088-4EA1-8B9F-0ECB19C52658}.Debug|Any CPU.Build.0 = Debug|Any CPU
		{21BCC7AF-3088-4EA1-8B9F-0ECB19C52658}.Release|Any CPU.ActiveCfg = Release|Any CPU
		{21BCC7AF-3088-4EA1-8B9F-0ECB19C52658}.Release|Any CPU.Build.0 = Release|Any CPU
	EndGlobalSection
	GlobalSection(SolutionProperties) = preSolution
		HideSolutionNode = FALSE
	EndGlobalSection
	GlobalSection(ExtensibilityGlobals) = postSolution
		SolutionGuid = {D8F2A7B3-9F10-48E4-B2BB-FC17D987378B}
	EndGlobalSection
EndGlobal
